{
  "name": "@rundll86/sword-engine",
  "version": "1.0.6",
  "lockfileVersion": 2,
  "requires": true,
  "packages": {
    "": {
      "name": "@rundll86/sword-engine",
      "version": "1.0.6",
      "license": "ISC",
      "dependencies": {
        "@rundll86/sword-engine": "^1.0.0"
      }
    },
    "node_modules/@rundll86/sword-engine": {
      "version": "1.0.0",
      "resolved": "https://registry.npmjs.org/@rundll86/sword-engine/-/sword-engine-1.0.0.tgz",
      "integrity": "sha512-KVArrjzb9xGkQM5O3IMFn78NrCyj4BTmQwn4hONmDUqdtHYArxlBhPL3JRLSp+AJs+NXyjk3Cz3JVSOjyvROnA=="
    }
  },
  "dependencies": {
    "@rundll86/sword-engine": {
      "version": "1.0.0",
      "resolved": "https://registry.npmjs.org/@rundll86/sword-engine/-/sword-engine-1.0.0.tgz",
      "integrity": "sha512-KVArrjzb9xGkQM5O3IMFn78NrCyj4BTmQwn4hONmDUqdtHYArxlBhPL3JRLSp+AJs+NXyjk3Cz3JVSOjyvROnA=="
    }
  }
}
